
Microsoft Visual Studio Solution File, Format Version 12.00
# Visual Studio Version 16
VisualStudioVersion = 16.0.30011.22
MinimumVisualStudioVersion = 10.0.40219.1
Project("{FAE04EC0-301F-11D3-BF4B-00C04F79EFBC}") = "TransportnieZadachi", "TransportnieZadachi\TransportnieZadachi.csproj", "{D8B4BCF3-A6B2-4CC6-BBD5-48948D2797F9}"
EndProject
Global
	GlobalSection(SolutionConfigurationPlatforms) = preSolution
		Debug|Any CPU = Debug|Any CPU
		Release|Any CPU = Release|Any CPU
	EndGlobalSection
	GlobalSection(ProjectConfigurationPlatforms) = postSolution
		{D8B4BCF3-A6B2-4CC6-BBD5-48948D2797F9}.Debug|Any CPU.ActiveCfg = Debug|Any CPU
		{D8B4BCF3-A6B2-4CC6-BBD5-48948D2797F9}.Debug|Any CPU.Build.0 = Debug|Any CPU
		{D8B4BCF3-A6B2-4CC6-BBD5-48948D2797F9}.Release|Any CPU.ActiveCfg = Release|Any CPU
		{D8B4BCF3-A6B2-4CC6-BBD5-48948D2797F9}.Release|Any CPU.Build.0 = Release|Any CPU
	EndGlobalSection
	GlobalSection(SolutionProperties) = preSolution
		HideSolutionNode = FALSE
	EndGlobalSection
	GlobalSection(ExtensibilityGlobals) = postSolution
		SolutionGuid = {24E07FF6-223D-4EE6-BA0F-94053B740556}
	EndGlobalSection
EndGlobal
